<?xml version="1.0" encoding="utf-8"?>
<Project ToolsVersion="4.0" xmlns="http://schemas.microsoft.com/developer/msbuild/2003">
  <ItemGroup>
    <Filter Include="Source Files">
      <UniqueIdentifier>{4f575068-6368-4050-a6ff-cb52345a824a}</UniqueIdentifier>
      <Extensions>cpp;c;cxx;def;odl;idl;hpj;bat;asm</Extensions>
    </Filter>
    <Filter Include="Header Files">
      <UniqueIdentifier>{7f108c11-f9d3-4aa8-98fb-40254e8866b2}</UniqueIdentifier>
      <Extensions>h;hpp;hxx;hm;inl;inc</Extensions>
    </Filter>
    <Filter Include="Resource Files">
      <UniqueIdentifier>{4b0fc8eb-8c9d-4d0c-adbd-e6860fc51fb2}</UniqueIdentifier>
      <Extensions>rc;ico;cur;bmp;dlg;rc2;rct;bin;rgs;gif;jpg;jpeg;jpe</Extensions>
    </Filter>
  </ItemGroup>
  <ItemGroup>
    <ClCompile Include="algorithms.cpp">
      <Filter>Source Files</Filter>
    </ClCompile>
    <ClCompile Include="botdb.cpp">
      <Filter>Source Files</Filter>
    </ClCompile>
    <ClCompile Include="botdll.cpp">
      <Filter>Source Files</Filter>
    </ClCompile>
    <ClCompile Include="botinfo.cpp">
      <Filter>Source Files</Filter>
    </ClCompile>
    <ClCompile Include="checksum.cpp">
      <Filter>Source Files</Filter>
    </ClCompile>
    <ClCompile Include="chunk.cpp">
      <Filter>Source Files</Filter>
    </ClCompile>
    <ClCompile Include="clientprot.cpp">
      <Filter>Source Files</Filter>
    </ClCompile>
    <ClCompile Include="command.cpp">
      <Filter>Source Files</Filter>
    </ClCompile>
    <ClCompile Include="commtypes.cpp">
      <Filter>Source Files</Filter>
    </ClCompile>
    <ClCompile Include="datatypes.cpp">
      <Filter>Source Files</Filter>
    </ClCompile>
    <ClCompile Include="dllcore.cpp">
      <Filter>Source Files</Filter>
    </ClCompile>
    <ClCompile Include="encrypt.cpp">
      <Filter>Source Files</Filter>
    </ClCompile>
    <ClCompile Include="hack.cpp">
      <Filter>Source Files</Filter>
    </ClCompile>
    <ClCompile Include="host.cpp">
      <Filter>Source Files</Filter>
    </ClCompile>
    <ClCompile Include="hostlist.cpp">
      <Filter>Source Files</Filter>
    </ClCompile>
    <ClCompile Include="map.cpp">
      <Filter>Source Files</Filter>
    </ClCompile>
    <ClCompile Include="player.cpp">
      <Filter>Source Files</Filter>
    </ClCompile>
    <ClCompile Include="prng.cpp">
      <Filter>Source Files</Filter>
    </ClCompile>
    <ClCompile Include="sockets.cpp">
      <Filter>Source Files</Filter>
    </ClCompile>
    <ClCompile Include="specialprot.cpp">
      <Filter>Source Files</Filter>
    </ClCompile>
    <ClCompile Include="system.cpp">
      <Filter>Source Files</Filter>
    </ClCompile>
  </ItemGroup>
  <ItemGroup>
    <ClInclude Include="algorithms.h">
      <Filter>Header Files</Filter>
    </ClInclude>
    <ClInclude Include="botdb.h">
      <Filter>Header Files</Filter>
    </ClInclude>
    <ClInclude Include="botdll.h">
      <Filter>Header Files</Filter>
    </ClInclude>
    <ClInclude Include="botinfo.h">
      <Filter>Header Files</Filter>
    </ClInclude>
    <ClInclude Include="checksum.h">
      <Filter>Header Files</Filter>
    </ClInclude>
    <ClInclude Include="chunk.h">
      <Filter>Header Files</Filter>
    </ClInclude>
    <ClInclude Include="clientprot.h">
      <Filter>Header Files</Filter>
    </ClInclude>
    <ClInclude Include="command.h">
      <Filter>Header Files</Filter>
    </ClInclude>
    <ClInclude Include="commtypes.h">
      <Filter>Header Files</Filter>
    </ClInclude>
    <ClInclude Include="datatypes.h">
      <Filter>Header Files</Filter>
    </ClInclude>
    <ClInclude Include="dllcore.h">
      <Filter>Header Files</Filter>
    </ClInclude>
    <ClInclude Include="encrypt.h">
      <Filter>Header Files</Filter>
    </ClInclude>
    <ClInclude Include="hack.h">
      <Filter>Header Files</Filter>
    </ClInclude>
    <ClInclude Include="host.h">
      <Filter>Header Files</Filter>
    </ClInclude>
    <ClInclude Include="hostlist.h">
      <Filter>Header Files</Filter>
    </ClInclude>
    <ClInclude Include="map.h">
      <Filter>Header Files</Filter>
    </ClInclude>
    <ClInclude Include="player.h">
      <Filter>Header Files</Filter>
    </ClInclude>
    <ClInclude Include="prng.h">
      <Filter>Header Files</Filter>
    </ClInclude>
    <ClInclude Include="settings.h">
      <Filter>Header Files</Filter>
    </ClInclude>
    <ClInclude Include="sockets.h">
      <Filter>Header Files</Filter>
    </ClInclude>
    <ClInclude Include="specialprot.h">
      <Filter>Header Files</Filter>
    </ClInclude>
    <ClInclude Include="system.h">
      <Filter>Header Files</Filter>
    </ClInclude>
  </ItemGroup>
</Project>